// !$*UTF8*$!
{
	archiveVersion = 1;
	classes = {
	};
	objectVersion = 55;
	objects = {

/* Begin PBXBuildFile section */
		993C9FA32678C787007E4387 /* ReferenceResult.swift in Sources */ = {isa = PBXBuildFile; fileRef = 993C9FA22678C787007E4387 /* ReferenceResult.swift */; };
		99747F142672E78100995E85 /* EffectsView.swift in Sources */ = {isa = PBXBuildFile; fileRef = 99747F132672E78100995E85 /* EffectsView.swift */; };
		99747F172672EA0000995E85 /* SetupPages+ReferencesControl.swift in Sources */ = {isa = PBXBuildFile; fileRef = 99747F162672EA0000995E85 /* SetupPages+ReferencesControl.swift */; };
		99747F192672EA3300995E85 /* PageTurner+PageTurnerControl.swift in Sources */ = {isa = PBXBuildFile; fileRef = 99747F182672EA3300995E85 /* PageTurner+PageTurnerControl.swift */; };
		99747F1B2672EA7200995E85 /* ImportView.swift in Sources */ = {isa = PBXBuildFile; fileRef = 99747F1A2672EA7200995E85 /* ImportView.swift */; };
		99747F1D2672EAD400995E85 /* LocalUnit.swift in Sources */ = {isa = PBXBuildFile; fileRef = 99747F1C2672EAD400995E85 /* LocalUnit.swift */; };
		9987A3D72670E1F60000328B /* UtaiApp.swift in Sources */ = {isa = PBXBuildFile; fileRef = 9987A3D62670E1F60000328B /* UtaiApp.swift */; };
		9987A3D92670E1F60000328B /* ContentView.swift in Sources */ = {isa = PBXBuildFile; fileRef = 9987A3D82670E1F60000328B /* ContentView.swift */; };
		9987A3DB2670E1F70000328B /* Assets.xcassets in Resources */ = {isa = PBXBuildFile; fileRef = 9987A3DA2670E1F70000328B /* Assets.xcassets */; };
		9987A3DE2670E1F70000328B /* Preview Assets.xcassets in Resources */ = {isa = PBXBuildFile; fileRef = 9987A3DD2670E1F70000328B /* Preview Assets.xcassets */; };
		9994F20E267DD61B00CA3726 /* Metrics.swift in Sources */ = {isa = PBXBuildFile; fileRef = 9994F20D267DD61B00CA3726 /* Metrics.swift */; };
		9994F210267F81DB00CA3726 /* MatchPanel.swift in Sources */ = {isa = PBXBuildFile; fileRef = 9994F20F267F81DB00CA3726 /* MatchPanel.swift */; };
		9994F21226806CAD00CA3726 /* ArtworkSidebar.swift in Sources */ = {isa = PBXBuildFile; fileRef = 9994F21126806CAD00CA3726 /* ArtworkSidebar.swift */; };
		9994F2142682377F00CA3726 /* RemoteUnit.swift in Sources */ = {isa = PBXBuildFile; fileRef = 9994F2132682377F00CA3726 /* RemoteUnit.swift */; };
		99CA05F4267A6326007C8B67 /* Void.swift in Sources */ = {isa = PBXBuildFile; fileRef = 99CA05F3267A6326007C8B67 /* Void.swift */; };
		99CA05F6267B1C01007C8B67 /* ChooseModes.swift in Sources */ = {isa = PBXBuildFile; fileRef = 99CA05F5267B1C01007C8B67 /* ChooseModes.swift */; };
		99CA05F9267B28D5007C8B67 /* Settings.swift in Sources */ = {isa = PBXBuildFile; fileRef = 99CA05F8267B28D5007C8B67 /* Settings.swift */; };
		99CFCFEC26876D8C0067302B /* YanoneKaffeesatz.ttf in CopyFiles */ = {isa = PBXBuildFile; fileRef = 99CFCFE8268769670067302B /* YanoneKaffeesatz.ttf */; };
		99D046F32674730A0076D972 /* Store.swift in Sources */ = {isa = PBXBuildFile; fileRef = 99D046F22674730A0076D972 /* Store.swift */; };
		99D046F82674D07D0076D972 /* ChooseView.swift in Sources */ = {isa = PBXBuildFile; fileRef = 99D046F72674D07D0076D972 /* ChooseView.swift */; };
		99D046FA2674E5B80076D972 /* SearchResponse.swift in Sources */ = {isa = PBXBuildFile; fileRef = 99D046F92674E5B80076D972 /* SearchResponse.swift */; };
		99D046FC2674E6AA0076D972 /* Secrets.swift in Sources */ = {isa = PBXBuildFile; fileRef = 99D046FB2674E6AA0076D972 /* Secrets.swift */; };
		99D76D8B2685DB8C00D9ED9F /* ID3TagEditor in Frameworks */ = {isa = PBXBuildFile; productRef = 99D76D8A2685DB8C00D9ED9F /* ID3TagEditor */; };
		99DB1BE42675F0F900CCA6D7 /* MatchView.swift in Sources */ = {isa = PBXBuildFile; fileRef = 99DB1BE32675F0F900CCA6D7 /* MatchView.swift */; };
		99DB1BE82675FC1C00CCA6D7 /* CustomButtons.swift in Sources */ = {isa = PBXBuildFile; fileRef = 99DB1BE72675FC1C00CCA6D7 /* CustomButtons.swift */; };
		99DB1BEA2676001600CCA6D7 /* ConfigureSheet.swift in Sources */ = {isa = PBXBuildFile; fileRef = 99DB1BE92676001600CCA6D7 /* ConfigureSheet.swift */; };
/* End PBXBuildFile section */

/* Begin PBXCopyFilesBuildPhase section */
		99CFCFEB26876D830067302B /* CopyFiles */ = {
			isa = PBXCopyFilesBuildPhase;
			buildActionMask = 2147483647;
			dstPath = Resources/Fonts;
			dstSubfolderSpec = 7;
			files = (
				99CFCFEC26876D8C0067302B /* YanoneKaffeesatz.ttf in CopyFiles */,
			);
			runOnlyForDeploymentPostprocessing = 0;
		};
/* End PBXCopyFilesBuildPhase section */

/* Begin PBXFileReference section */
		993C9FA22678C787007E4387 /* ReferenceResult.swift */ = {isa = PBXFileReference; lastKnownFileType = sourcecode.swift; path = ReferenceResult.swift; sourceTree = "<group>"; };
		996C0E842674FB6B00BA5A6C /* Utai.entitlements */ = {isa = PBXFileReference; lastKnownFileType = text.plist.entitlements; path = Utai.entitlements; sourceTree = "<group>"; };
		99747F132672E78100995E85 /* EffectsView.swift */ = {isa = PBXFileReference; lastKnownFileType = sourcecode.swift; path = EffectsView.swift; sourceTree = "<group>"; };
		99747F162672EA0000995E85 /* SetupPages+ReferencesControl.swift */ = {isa = PBXFileReference; lastKnownFileType = sourcecode.swift; path = "SetupPages+ReferencesControl.swift"; sourceTree = "<group>"; };
		99747F182672EA3300995E85 /* PageTurner+PageTurnerControl.swift */ = {isa = PBXFileReference; lastKnownFileType = sourcecode.swift; path = "PageTurner+PageTurnerControl.swift"; sourceTree = "<group>"; };
		99747F1A2672EA7200995E85 /* ImportView.swift */ = {isa = PBXFileReference; lastKnownFileType = sourcecode.swift; path = ImportView.swift; sourceTree = "<group>"; };
		99747F1C2672EAD400995E85 /* LocalUnit.swift */ = {isa = PBXFileReference; lastKnownFileType = sourcecode.swift; path = LocalUnit.swift; sourceTree = "<group>"; };
		9987A3D32670E1F60000328B /* Utai.app */ = {isa = PBXFileReference; explicitFileType = wrapper.application; includeInIndex = 0; path = Utai.app; sourceTree = BUILT_PRODUCTS_DIR; };
		9987A3D62670E1F60000328B /* UtaiApp.swift */ = {isa = PBXFileReference; lastKnownFileType = sourcecode.swift; path = UtaiApp.swift; sourceTree = "<group>"; };
		9987A3D82670E1F60000328B /* ContentView.swift */ = {isa = PBXFileReference; lastKnownFileType = sourcecode.swift; path = ContentView.swift; sourceTree = "<group>"; };
		9987A3DA2670E1F70000328B /* Assets.xcassets */ = {isa = PBXFileReference; lastKnownFileType = folder.assetcatalog; path = Assets.xcassets; sourceTree = "<group>"; };
		9987A3DD2670E1F70000328B /* Preview Assets.xcassets */ = {isa = PBXFileReference; lastKnownFileType = folder.assetcatalog; path = "Preview Assets.xcassets"; sourceTree = "<group>"; };
		9994F20D267DD61B00CA3726 /* Metrics.swift */ = {isa = PBXFileReference; lastKnownFileType = sourcecode.swift; path = Metrics.swift; sourceTree = "<group>"; };
		9994F20F267F81DB00CA3726 /* MatchPanel.swift */ = {isa = PBXFileReference; lastKnownFileType = sourcecode.swift; path = MatchPanel.swift; sourceTree = "<group>"; };
		9994F21126806CAD00CA3726 /* ArtworkSidebar.swift */ = {isa = PBXFileReference; lastKnownFileType = sourcecode.swift; path = ArtworkSidebar.swift; sourceTree = "<group>"; };
		9994F2132682377F00CA3726 /* RemoteUnit.swift */ = {isa = PBXFileReference; lastKnownFileType = sourcecode.swift; path = RemoteUnit.swift; sourceTree = "<group>"; };
		99CA05F3267A6326007C8B67 /* Void.swift */ = {isa = PBXFileReference; lastKnownFileType = sourcecode.swift; path = Void.swift; sourceTree = "<group>"; };
		99CA05F5267B1C01007C8B67 /* ChooseModes.swift */ = {isa = PBXFileReference; lastKnownFileType = sourcecode.swift; path = ChooseModes.swift; sourceTree = "<group>"; };
		99CA05F8267B28D5007C8B67 /* Settings.swift */ = {isa = PBXFileReference; lastKnownFileType = sourcecode.swift; path = Settings.swift; sourceTree = "<group>"; };
		99CFCFE8268769670067302B /* YanoneKaffeesatz.ttf */ = {isa = PBXFileReference; lastKnownFileType = file; path = YanoneKaffeesatz.ttf; sourceTree = "<group>"; };
		99CFCFEA26876BFE0067302B /* Info.plist */ = {isa = PBXFileReference; lastKnownFileType = text.plist.xml; path = Info.plist; sourceTree = "<group>"; };
		99D046F22674730A0076D972 /* Store.swift */ = {isa = PBXFileReference; lastKnownFileType = sourcecode.swift; path = Store.swift; sourceTree = "<group>"; };
		99D046F72674D07D0076D972 /* ChooseView.swift */ = {isa = PBXFileReference; lastKnownFileType = sourcecode.swift; path = ChooseView.swift; sourceTree = "<group>"; };
		99D046F92674E5B80076D972 /* SearchResponse.swift */ = {isa = PBXFileReference; lastKnownFileType = sourcecode.swift; path = SearchResponse.swift; sourceTree = "<group>"; };
		99D046FB2674E6AA0076D972 /* Secrets.swift */ = {isa = PBXFileReference; fileEncoding = 4; lastKnownFileType = sourcecode.swift; path = Secrets.swift; sourceTree = "<group>"; };
		99DB1BE32675F0F900CCA6D7 /* MatchView.swift */ = {isa = PBXFileReference; lastKnownFileType = sourcecode.swift; path = MatchView.swift; sourceTree = "<group>"; };
		99DB1BE72675FC1C00CCA6D7 /* CustomButtons.swift */ = {isa = PBXFileReference; lastKnownFileType = sourcecode.swift; path = CustomButtons.swift; sourceTree = "<group>"; };
		99DB1BE92676001600CCA6D7 /* ConfigureSheet.swift */ = {isa = PBXFileReference; lastKnownFileType = sourcecode.swift; path = ConfigureSheet.swift; sourceTree = "<group>"; };
/* End PBXFileReference section */

/* Begin PBXFrameworksBuildPhase section */
		9987A3D02670E1F60000328B /* Frameworks */ = {
			isa = PBXFrameworksBuildPhase;
			buildActionMask = 2147483647;
			files = (
				99D76D8B2685DB8C00D9ED9F /* ID3TagEditor in Frameworks */,
			);
			runOnlyForDeploymentPostprocessing = 0;
		};
/* End PBXFrameworksBuildPhase section */

/* Begin PBXGroup section */
		99747F122672E76100995E85 /* Toolbox */ = {
			isa = PBXGroup;
			children = (
				99CA05F3267A6326007C8B67 /* Void.swift */,
				99747F132672E78100995E85 /* EffectsView.swift */,
			);
			path = Toolbox;
			sourceTree = "<group>";
		};
		99747F152672E9E500995E85 /* SetupPages */ = {
			isa = PBXGroup;
			children = (
				99747F1A2672EA7200995E85 /* ImportView.swift */,
				99D046F72674D07D0076D972 /* ChooseView.swift */,
				99DB1BE32675F0F900CCA6D7 /* MatchView.swift */,
				99747F162672EA0000995E85 /* SetupPages+ReferencesControl.swift */,
				99747F182672EA3300995E85 /* PageTurner+PageTurnerControl.swift */,
			);
			path = SetupPages;
			sourceTree = "<group>";
		};
		9987A3CA2670E1F60000328B = {
			isa = PBXGroup;
			children = (
				9987A3D52670E1F60000328B /* Utai */,
				9987A3D42670E1F60000328B /* Products */,
			);
			sourceTree = "<group>";
		};
		9987A3D42670E1F60000328B /* Products */ = {
			isa = PBXGroup;
			children = (
				9987A3D32670E1F60000328B /* Utai.app */,
			);
			name = Products;
			sourceTree = "<group>";
		};
		9987A3D52670E1F60000328B /* Utai */ = {
			isa = PBXGroup;
			children = (
				99CFCFEA26876BFE0067302B /* Info.plist */,
				996C0E842674FB6B00BA5A6C /* Utai.entitlements */,
				9987A3D62670E1F60000328B /* UtaiApp.swift */,
				99D046EC267471E90076D972 /* Model */,
				99D046ED2674720F0076D972 /* Views */,
				99D046EE267472310076D972 /* Navigation */,
				99D046EF267472630076D972 /* Main Menu */,
				99747F122672E76100995E85 /* Toolbox */,
				99D046F0267472A10076D972 /* Support */,
				99D046F1267472A70076D972 /* Resources */,
				9987A3DA2670E1F70000328B /* Assets.xcassets */,
				9987A3DC2670E1F70000328B /* Preview Content */,
			);
			path = Utai;
			sourceTree = "<group>";
		};
		9987A3DC2670E1F70000328B /* Preview Content */ = {
			isa = PBXGroup;
			children = (
				9987A3DD2670E1F70000328B /* Preview Assets.xcassets */,
			);
			path = "Preview Content";
			sourceTree = "<group>";
		};
		99CA05F7267B28C6007C8B67 /* Settings */ = {
			isa = PBXGroup;
			children = (
				99CA05F8267B28D5007C8B67 /* Settings.swift */,
			);
			path = Settings;
			sourceTree = "<group>";
		};
		99CFCFE72687694E0067302B /* Fonts */ = {
			isa = PBXGroup;
			children = (
				99CFCFE8268769670067302B /* YanoneKaffeesatz.ttf */,
			);
			path = Fonts;
			sourceTree = "<group>";
		};
		99D046EC267471E90076D972 /* Model */ = {
			isa = PBXGroup;
			children = (
				99CA05F7267B28C6007C8B67 /* Settings */,
				99747F1C2672EAD400995E85 /* LocalUnit.swift */,
				99D046F22674730A0076D972 /* Store.swift */,
				99CA05F5267B1C01007C8B67 /* ChooseModes.swift */,
				99D046F92674E5B80076D972 /* SearchResponse.swift */,
				993C9FA22678C787007E4387 /* ReferenceResult.swift */,
				9994F2132682377F00CA3726 /* RemoteUnit.swift */,
			);
			path = Model;
			sourceTree = "<group>";
		};
		99D046ED2674720F0076D972 /* Views */ = {
			isa = PBXGroup;
			children = (
				99747F152672E9E500995E85 /* SetupPages */,
				99DB1BE92676001600CCA6D7 /* ConfigureSheet.swift */,
				99DB1BE72675FC1C00CCA6D7 /* CustomButtons.swift */,
				9994F20F267F81DB00CA3726 /* MatchPanel.swift */,
				9994F21126806CAD00CA3726 /* ArtworkSidebar.swift */,
			);
			path = Views;
			sourceTree = "<group>";
		};
		99D046EE267472310076D972 /* Navigation */ = {
			isa = PBXGroup;
			children = (
				9987A3D82670E1F60000328B /* ContentView.swift */,
			);
			path = Navigation;
			sourceTree = "<group>";
		};
		99D046EF267472630076D972 /* Main Menu */ = {
			isa = PBXGroup;
			children = (
			);
			path = "Main Menu";
			sourceTree = "<group>";
		};
		99D046F0267472A10076D972 /* Support */ = {
			isa = PBXGroup;
			children = (
				99D046FB2674E6AA0076D972 /* Secrets.swift */,
				9994F20D267DD61B00CA3726 /* Metrics.swift */,
			);
			path = Support;
			sourceTree = "<group>";
		};
		99D046F1267472A70076D972 /* Resources */ = {
			isa = PBXGroup;
			children = (
				99CFCFE72687694E0067302B /* Fonts */,
			);
			path = Resources;
			sourceTree = "<group>";
		};
/* End PBXGroup section */

/* Begin PBXNativeTarget section */
		9987A3D22670E1F60000328B /* Utai */ = {
			isa = PBXNativeTarget;
			buildConfigurationList = 9987A3E12670E1F70000328B /* Build configuration list for PBXNativeTarget "Utai" */;
			buildPhases = (
				9987A3CF2670E1F60000328B /* Sources */,
				9987A3D02670E1F60000328B /* Frameworks */,
				9987A3D12670E1F60000328B /* Resources */,
				99CFCFEB26876D830067302B /* CopyFiles */,
			);
			buildRules = (
			);
			dependencies = (
			);
			name = Utai;
			packageProductDependencies = (
				99D76D8A2685DB8C00D9ED9F /* ID3TagEditor */,
			);
			productName = Utai;
			productReference = 9987A3D32670E1F60000328B /* Utai.app */;
			productType = "com.apple.product-type.application";
		};
/* End PBXNativeTarget section */

/* Begin PBXProject section */
		9987A3CB2670E1F60000328B /* Project object */ = {
			isa = PBXProject;
			attributes = {
				BuildIndependentTargetsInParallel = 1;
				LastSwiftUpdateCheck = 1300;
				LastUpgradeCheck = 1300;
				TargetAttributes = {
					9987A3D22670E1F60000328B = {
						CreatedOnToolsVersion = 13.0;
					};
				};
			};
			buildConfigurationList = 9987A3CE2670E1F60000328B /* Build configuration list for PBXProject "Utai" */;
			compatibilityVersion = "Xcode 13.0";
			developmentRegion = en;
			hasScannedForEncodings = 0;
			knownRegions = (
				en,
				Base,
			);
			mainGroup = 9987A3CA2670E1F60000328B;
			packageReferences = (
				99D76D892685DB8C00D9ED9F /* XCRemoteSwiftPackageReference "ID3TagEditor" */,
			);
			productRefGroup = 9987A3D42670E1F60000328B /* Products */;
			projectDirPath = "";
			projectRoot = "";
			targets = (
				9987A3D22670E1F60000328B /* Utai */,
			);
		};
/* End PBXProject section */

/* Begin PBXResourcesBuildPhase section */
		9987A3D12670E1F60000328B /* Resources */ = {
			isa = PBXResourcesBuildPhase;
			buildActionMask = 2147483647;
			files = (
				9987A3DE2670E1F70000328B /* Preview Assets.xcassets in Resources */,
				9987A3DB2670E1F70000328B /* Assets.xcassets in Resources */,
			);
			runOnlyForDeploymentPostprocessing = 0;
		};
/* End PBXResourcesBuildPhase section */

/* Begin PBXSourcesBuildPhase section */
		9987A3CF2670E1F60000328B /* Sources */ = {
			isa = PBXSourcesBuildPhase;
			buildActionMask = 2147483647;
			files = (
				99747F172672EA0000995E85 /* SetupPages+ReferencesControl.swift in Sources */,
				99D046F82674D07D0076D972 /* ChooseView.swift in Sources */,
				99CA05F4267A6326007C8B67 /* Void.swift in Sources */,
				9994F20E267DD61B00CA3726 /* Metrics.swift in Sources */,
				99D046FA2674E5B80076D972 /* SearchResponse.swift in Sources */,
				9987A3D92670E1F60000328B /* ContentView.swift in Sources */,
				993C9FA32678C787007E4387 /* ReferenceResult.swift in Sources */,
				99747F192672EA3300995E85 /* PageTurner+PageTurnerControl.swift in Sources */,
				99D046F32674730A0076D972 /* Store.swift in Sources */,
				9987A3D72670E1F60000328B /* UtaiApp.swift in Sources */,
				99747F1D2672EAD400995E85 /* LocalUnit.swift in Sources */,
				9994F21226806CAD00CA3726 /* ArtworkSidebar.swift in Sources */,
				99747F1B2672EA7200995E85 /* ImportView.swift in Sources */,
				9994F210267F81DB00CA3726 /* MatchPanel.swift in Sources */,
				99DB1BEA2676001600CCA6D7 /* ConfigureSheet.swift in Sources */,
				99747F142672E78100995E85 /* EffectsView.swift in Sources */,
				99DB1BE42675F0F900CCA6D7 /* MatchView.swift in Sources */,
				9994F2142682377F00CA3726 /* RemoteUnit.swift in Sources */,
				99CA05F6267B1C01007C8B67 /* ChooseModes.swift in Sources */,
				99D046FC2674E6AA0076D972 /* Secrets.swift in Sources */,
				99DB1BE82675FC1C00CCA6D7 /* CustomButtons.swift in Sources */,
				99CA05F9267B28D5007C8B67 /* Settings.swift in Sources */,
			);
			runOnlyForDeploymentPostprocessing = 0;
		};
/* End PBXSourcesBuildPhase section */

/* Begin XCBuildConfiguration section */
		9987A3DF2670E1F70000328B /* Debug */ = {
			isa = XCBuildConfiguration;
			buildSettings = {
				ALWAYS_SEARCH_USER_PATHS = NO;
				CLANG_ANALYZER_NONNULL = YES;
				CLANG_ANALYZER_NUMBER_OBJECT_CONVERSION = YES_AGGRESSIVE;
				CLANG_CXX_LANGUAGE_STANDARD = "gnu++14";
				CLANG_CXX_LIBRARY = "libc++";
				CLANG_ENABLE_MODULES = YES;
				CLANG_ENABLE_OBJC_ARC = YES;
				CLANG_ENABLE_OBJC_WEAK = YES;
				CLANG_WARN_BLOCK_CAPTURE_AUTORELEASING = YES;
				CLANG_WARN_BOOL_CONVERSION = YES;
				CLANG_WARN_COMMA = YES;
				CLANG_WARN_CONSTANT_CONVERSION = YES;
				CLANG_WARN_DEPRECATED_OBJC_IMPLEMENTATIONS = YES;
				CLANG_WARN_DIRECT_OBJC_ISA_USAGE = YES_ERROR;
				CLANG_WARN_DOCUMENTATION_COMMENTS = YES;
				CLANG_WARN_EMPTY_BODY = YES;
				CLANG_WARN_ENUM_CONVERSION = YES;
				CLANG_WARN_INFINITE_RECURSION = YES;
				CLANG_WARN_INT_CONVERSION = YES;
				CLANG_WARN_NON_LITERAL_NULL_CONVERSION = YES;
				CLANG_WARN_OBJC_IMPLICIT_RETAIN_SELF = YES;
				CLANG_WARN_OBJC_LITERAL_CONVERSION = YES;
				CLANG_WARN_OBJC_ROOT_CLASS = YES_ERROR;
				CLANG_WARN_QUOTED_INCLUDE_IN_FRAMEWORK_HEADER = YES;
				CLANG_WARN_RANGE_LOOP_ANALYSIS = YES;
				CLANG_WARN_STRICT_PROTOTYPES = YES;
				CLANG_WARN_SUSPICIOUS_MOVE = YES;
				CLANG_WARN_UNGUARDED_AVAILABILITY = YES_AGGRESSIVE;
				CLANG_WARN_UNREACHABLE_CODE = YES;
				CLANG_WARN__DUPLICATE_METHOD_MATCH = YES;
				COPY_PHASE_STRIP = NO;
				DEBUG_INFORMATION_FORMAT = dwarf;
				ENABLE_STRICT_OBJC_MSGSEND = YES;
				ENABLE_TESTABILITY = YES;
				GCC_C_LANGUAGE_STANDARD = gnu11;
				GCC_DYNAMIC_NO_PIC = NO;
				GCC_NO_COMMON_BLOCKS = YES;
				GCC_OPTIMIZATION_LEVEL = 0;
				GCC_PREPROCESSOR_DEFINITIONS = (
					"DEBUG=1",
					"$(inherited)",
				);
				GCC_WARN_64_TO_32_BIT_CONVERSION = YES;
				GCC_WARN_ABOUT_RETURN_TYPE = YES_ERROR;
				GCC_WARN_UNDECLARED_SELECTOR = YES;
				GCC_WARN_UNINITIALIZED_AUTOS = YES_AGGRESSIVE;
				GCC_WARN_UNUSED_FUNCTION = YES;
				GCC_WARN_UNUSED_VARIABLE = YES;
				MACOSX_DEPLOYMENT_TARGET = 12.0;
				MTL_ENABLE_DEBUG_INFO = INCLUDE_SOURCE;
				MTL_FAST_MATH = YES;
				ONLY_ACTIVE_ARCH = YES;
				SDKROOT = macosx;
				SWIFT_ACTIVE_COMPILATION_CONDITIONS = DEBUG;
				SWIFT_OPTIMIZATION_LEVEL = "-Onone";
			};
			name = Debug;
		};
		9987A3E02670E1F70000328B /* Release */ = {
			isa = XCBuildConfiguration;
			buildSettings = {
				ALWAYS_SEARCH_USER_PATHS = NO;
				CLANG_ANALYZER_NONNULL = YES;
				CLANG_ANALYZER_NUMBER_OBJECT_CONVERSION = YES_AGGRESSIVE;
				CLANG_CXX_LANGUAGE_STANDARD = "gnu++14";
				CLANG_CXX_LIBRARY = "libc++";
				CLANG_ENABLE_MODULES = YES;
				CLANG_ENABLE_OBJC_ARC = YES;
				CLANG_ENABLE_OBJC_WEAK = YES;
				CLANG_WARN_BLOCK_CAPTURE_AUTORELEASING = YES;
				CLANG_WARN_BOOL_CONVERSION = YES;
				CLANG_WARN_COMMA = YES;
				CLANG_WARN_CONSTANT_CONVERSION = YES;
				CLANG_WARN_DEPRECATED_OBJC_IMPLEMENTATIONS = YES;
				CLANG_WARN_DIRECT_OBJC_ISA_USAGE = YES_ERROR;
				CLANG_WARN_DOCUMENTATION_COMMENTS = YES;
				CLANG_WARN_EMPTY_BODY = YES;
				CLANG_WARN_ENUM_CONVERSION = YES;
				CLANG_WARN_INFINITE_RECURSION = YES;
				CLANG_WARN_INT_CONVERSION = YES;
				CLANG_WARN_NON_LITERAL_NULL_CONVERSION = YES;
				CLANG_WARN_OBJC_IMPLICIT_RETAIN_SELF = YES;
				CLANG_WARN_OBJC_LITERAL_CONVERSION = YES;
				CLANG_WARN_OBJC_ROOT_CLASS = YES_ERROR;
				CLANG_WARN_QUOTED_INCLUDE_IN_FRAMEWORK_HEADER = YES;
				CLANG_WARN_RANGE_LOOP_ANALYSIS = YES;
				CLANG_WARN_STRICT_PROTOTYPES = YES;
				CLANG_WARN_SUSPICIOUS_MOVE = YES;
				CLANG_WARN_UNGUARDED_AVAILABILITY = YES_AGGRESSIVE;
				CLANG_WARN_UNREACHABLE_CODE = YES;
				CLANG_WARN__DUPLICATE_METHOD_MATCH = YES;
				COPY_PHASE_STRIP = NO;
				DEBUG_INFORMATION_FORMAT = "dwarf-with-dsym";
				ENABLE_NS_ASSERTIONS = NO;
				ENABLE_STRICT_OBJC_MSGSEND = YES;
				GCC_C_LANGUAGE_STANDARD = gnu11;
				GCC_NO_COMMON_BLOCKS = YES;
				GCC_WARN_64_TO_32_BIT_CONVERSION = YES;
				GCC_WARN_ABOUT_RETURN_TYPE = YES_ERROR;
				GCC_WARN_UNDECLARED_SELECTOR = YES;
				GCC_WARN_UNINITIALIZED_AUTOS = YES_AGGRESSIVE;
				GCC_WARN_UNUSED_FUNCTION = YES;
				GCC_WARN_UNUSED_VARIABLE = YES;
				MACOSX_DEPLOYMENT_TARGET = 12.0;
				MTL_ENABLE_DEBUG_INFO = NO;
				MTL_FAST_MATH = YES;
				SDKROOT = macosx;
				SWIFT_COMPILATION_MODE = wholemodule;
				SWIFT_OPTIMIZATION_LEVEL = "-O";
			};
			name = Release;
		};
		9987A3E22670E1F70000328B /* Debug */ = {
			isa = XCBuildConfiguration;
			buildSettings = {
				ASSETCATALOG_COMPILER_APPICON_NAME = AppIcon;
				ASSETCATALOG_COMPILER_GLOBAL_ACCENT_COLOR_NAME = AccentColor;
				ASSETCATALOG_COMPILER_INCLUDE_ALL_APPICON_ASSETS = NO;
				CODE_SIGN_ENTITLEMENTS = Utai/Utai.entitlements;
				CODE_SIGN_STYLE = Automatic;
				COMBINE_HIDPI_IMAGES = YES;
				CURRENT_PROJECT_VERSION = 1;
				DEVELOPMENT_ASSET_PATHS = "\"Utai/Preview Content\"";
				ENABLE_APP_SANDBOX = YES;
				ENABLE_HARDENED_RUNTIME = NO;
				ENABLE_PREVIEWS = YES;
				ENABLE_USER_SELECTED_FILES = readonly;
				GENERATE_INFOPLIST_FILE = YES;
				INFOPLIST_FILE = Utai/Info.plist;
				INFOPLIST_KEY_CFBundleExecutable = Utai;
				INFOPLIST_KEY_CFBundleName = Utai;
				INFOPLIST_KEY_CFBundleVersion = 1;
				INFOPLIST_KEY_NSHumanReadableCopyright = "";
				LD_RUNPATH_SEARCH_PATHS = (
					"$(inherited)",
					"@executable_path/../Frameworks",
				);
				MACOSX_DEPLOYMENT_TARGET = 12.0;
				MARKETING_VERSION = 0.1;
				PRODUCT_BUNDLE_IDENTIFIER = asia.chunghwa.Utai;
				PRODUCT_NAME = "$(TARGET_NAME)";
				SWIFT_EMIT_LOC_STRINGS = YES;
				SWIFT_VERSION = 5.0;
			};
			name = Debug;
		};
		9987A3E32670E1F70000328B /* Release */ = {
			isa = XCBuildConfiguration;
			buildSettings = {
				ASSETCATALOG_COMPILER_APPICON_NAME = AppIcon;
				ASSETCATALOG_COMPILER_GLOBAL_ACCENT_COLOR_NAME = AccentColor;
				ASSETCATALOG_COMPILER_INCLUDE_ALL_APPICON_ASSETS = NO;
				CODE_SIGN_ENTITLEMENTS = Utai/Utai.entitlements;
				CODE_SIGN_STYLE = Automatic;
				COMBINE_HIDPI_IMAGES = YES;
				CURRENT_PROJECT_VERSION = 1;
				DEVELOPMENT_ASSET_PATHS = "\"Utai/Preview Content\"";
				ENABLE_APP_SANDBOX = YES;
				ENABLE_HARDENED_RUNTIME = NO;
				ENABLE_PREVIEWS = YES;
				ENABLE_USER_SELECTED_FILES = readonly;
				GENERATE_INFOPLIST_FILE = YES;
				INFOPLIST_FILE = Utai/Info.plist;
				INFOPLIST_KEY_CFBundleExecutable = Utai;
				INFOPLIST_KEY_CFBundleName = Utai;
				INFOPLIST_KEY_CFBundleVersion = 1;
				INFOPLIST_KEY_NSHumanReadableCopyright = "";
				LD_RUNPATH_SEARCH_PATHS = (
					"$(inherited)",
					"@executable_path/../Frameworks",
				);
				MACOSX_DEPLOYMENT_TARGET = 12.0;
				MARKETING_VERSION = 0.1;
				PRODUCT_BUNDLE_IDENTIFIER = asia.chunghwa.Utai;
				PRODUCT_NAME = "$(TARGET_NAME)";
				SWIFT_EMIT_LOC_STRINGS = YES;
				SWIFT_VERSION = 5.0;
			};
			name = Release;
		};
/* End XCBuildConfiguration section */

/* Begin XCConfigurationList section */
		9987A3CE2670E1F60000328B /* Build configuration list for PBXProject "Utai" */ = {
			isa = XCConfigurationList;
			buildConfigurations = (
				9987A3DF2670E1F70000328B /* Debug */,
				9987A3E02670E1F70000328B /* Release */,
			);
			defaultConfigurationIsVisible = 0;
			defaultConfigurationName = Release;
		};
		9987A3E12670E1F70000328B /* Build configuration list for PBXNativeTarget "Utai" */ = {
			isa = XCConfigurationList;
			buildConfigurations = (
				9987A3E22670E1F70000328B /* Debug */,
				9987A3E32670E1F70000328B /* Release */,
			);
			defaultConfigurationIsVisible = 0;
			defaultConfigurationName = Release;
		};
/* End XCConfigurationList section */

/* Begin XCRemoteSwiftPackageReference section */
		99D76D892685DB8C00D9ED9F /* XCRemoteSwiftPackageReference "ID3TagEditor" */ = {
			isa = XCRemoteSwiftPackageReference;
			repositoryURL = "https://github.com/chicio/ID3TagEditor";
			requirement = {
				kind = upToNextMajorVersion;
				minimumVersion = 4.0.0;
			};
		};
/* End XCRemoteSwiftPackageReference section */

/* Begin XCSwiftPackageProductDependency section */
		99D76D8A2685DB8C00D9ED9F /* ID3TagEditor */ = {
			isa = XCSwiftPackageProductDependency;
			package = 99D76D892685DB8C00D9ED9F /* XCRemoteSwiftPackageReference "ID3TagEditor" */;
			productName = ID3TagEditor;
		};
/* End XCSwiftPackageProductDependency section */
	};
	rootObject = 9987A3CB2670E1F60000328B /* Project object */;
}
